// !$*UTF8*$!
{
	archiveVersion = 1;
	classes = {
	};
	objectVersion = 50;
	objects = {

/* Begin PBXBuildFile section */
		5A2C690A7DA0EEF6FA013FD6 /* Pods_IOS_A2_2018B.framework in Frameworks */ = {isa = PBXBuildFile; fileRef = F05337F88F3F8A02FFEBC996 /* Pods_IOS_A2_2018B.framework */; };
		8425C9B62148C9D4007B318E /* AppDelegate.swift in Sources */ = {isa = PBXBuildFile; fileRef = 8425C9B52148C9D4007B318E /* AppDelegate.swift */; };
		8425C9B82148C9D4007B318E /* ViewController.swift in Sources */ = {isa = PBXBuildFile; fileRef = 8425C9B72148C9D4007B318E /* ViewController.swift */; };
		8425C9BB2148C9D4007B318E /* Main.storyboard in Resources */ = {isa = PBXBuildFile; fileRef = 8425C9B92148C9D4007B318E /* Main.storyboard */; };
		8425C9BD2148C9D5007B318E /* Assets.xcassets in Resources */ = {isa = PBXBuildFile; fileRef = 8425C9BC2148C9D5007B318E /* Assets.xcassets */; };
		8425C9C02148C9D5007B318E /* LaunchScreen.storyboard in Resources */ = {isa = PBXBuildFile; fileRef = 8425C9BE2148C9D5007B318E /* LaunchScreen.storyboard */; };
		8425C9D32148CE11007B318E /* CurrentWeather.swift in Sources */ = {isa = PBXBuildFile; fileRef = 8425C9D22148CE11007B318E /* CurrentWeather.swift */; };
		8425C9D52148CF01007B318E /* Extensions.swift in Sources */ = {isa = PBXBuildFile; fileRef = 8425C9D42148CF01007B318E /* Extensions.swift */; };
		8425C9D72148D00E007B318E /* Extras.swift in Sources */ = {isa = PBXBuildFile; fileRef = 8425C9D62148D00E007B318E /* Extras.swift */; };
/* End PBXBuildFile section */

/* Begin PBXFileReference section */
		8425C9B22148C9D4007B318E /* IOS_A2_2018B.app */ = {isa = PBXFileReference; explicitFileType = wrapper.application; includeInIndex = 0; path = IOS_A2_2018B.app; sourceTree = BUILT_PRODUCTS_DIR; };
		8425C9B52148C9D4007B318E /* AppDelegate.swift */ = {isa = PBXFileReference; lastKnownFileType = sourcecode.swift; path = AppDelegate.swift; sourceTree = "<group>"; };
		8425C9B72148C9D4007B318E /* ViewController.swift */ = {isa = PBXFileReference; lastKnownFileType = sourcecode.swift; path = ViewController.swift; sourceTree = "<group>"; };
		8425C9BA2148C9D4007B318E /* Base */ = {isa = PBXFileReference; lastKnownFileType = file.storyboard; name = Base; path = Base.lproj/Main.storyboard; sourceTree = "<group>"; };
		8425C9BC2148C9D5007B318E /* Assets.xcassets */ = {isa = PBXFileReference; lastKnownFileType = folder.assetcatalog; path = Assets.xcassets; sourceTree = "<group>"; };
		8425C9BF2148C9D5007B318E /* Base */ = {isa = PBXFileReference; lastKnownFileType = file.storyboard; name = Base; path = Base.lproj/LaunchScreen.storyboard; sourceTree = "<group>"; };
		8425C9C12148C9D5007B318E /* Info.plist */ = {isa = PBXFileReference; lastKnownFileType = text.plist.xml; path = Info.plist; sourceTree = "<group>"; };
		8425C9D22148CE11007B318E /* CurrentWeather.swift */ = {isa = PBXFileReference; lastKnownFileType = sourcecode.swift; path = CurrentWeather.swift; sourceTree = "<group>"; };
		8425C9D42148CF01007B318E /* Extensions.swift */ = {isa = PBXFileReference; lastKnownFileType = sourcecode.swift; path = Extensions.swift; sourceTree = "<group>"; };
		8425C9D62148D00E007B318E /* Extras.swift */ = {isa = PBXFileReference; lastKnownFileType = sourcecode.swift; path = Extras.swift; sourceTree = "<group>"; };
		882D7BA6FF55081363D25023 /* Pods-IOS_A2_2018B.release.xcconfig */ = {isa = PBXFileReference; includeInIndex = 1; lastKnownFileType = text.xcconfig; name = "Pods-IOS_A2_2018B.release.xcconfig"; path = "Pods/Target Support Files/Pods-IOS_A2_2018B/Pods-IOS_A2_2018B.release.xcconfig"; sourceTree = "<group>"; };
		A907BB8F10B56C343B767C40 /* Pods-IOS_A2_2018B.debug.xcconfig */ = {isa = PBXFileReference; includeInIndex = 1; lastKnownFileType = text.xcconfig; name = "Pods-IOS_A2_2018B.debug.xcconfig"; path = "Pods/Target Support Files/Pods-IOS_A2_2018B/Pods-IOS_A2_2018B.debug.xcconfig"; sourceTree = "<group>"; };
		F05337F88F3F8A02FFEBC996 /* Pods_IOS_A2_2018B.framework */ = {isa = PBXFileReference; explicitFileType = wrapper.framework; includeInIndex = 0; path = Pods_IOS_A2_2018B.framework; sourceTree = BUILT_PRODUCTS_DIR; };
/* End PBXFileReference section */

/* Begin PBXFrameworksBuildPhase section */
		8425C9AF2148C9D4007B318E /* Frameworks */ = {
			isa = PBXFrameworksBuildPhase;
			buildActionMask = 2147483647;
			files = (
				5A2C690A7DA0EEF6FA013FD6 /* Pods_IOS_A2_2018B.framework in Frameworks */,
			);
			runOnlyForDeploymentPostprocessing = 0;
		};
/* End PBXFrameworksBuildPhase section */

/* Begin PBXGroup section */
		81C4C926876D06796837A606 /* Pods */ = {
			isa = PBXGroup;
			children = (
				A907BB8F10B56C343B767C40 /* Pods-IOS_A2_2018B.debug.xcconfig */,
				882D7BA6FF55081363D25023 /* Pods-IOS_A2_2018B.release.xcconfig */,
			);
			name = Pods;
			sourceTree = "<group>";
		};
		830B5ABEFDDAA5EF3FFBD546 /* Frameworks */ = {
			isa = PBXGroup;
			children = (
				F05337F88F3F8A02FFEBC996 /* Pods_IOS_A2_2018B.framework */,
			);
			name = Frameworks;
			sourceTree = "<group>";
		};
		8425C9A92148C9D4007B318E = {
			isa = PBXGroup;
			children = (
				8425C9B42148C9D4007B318E /* IOS_A2_2018B */,
				8425C9B32148C9D4007B318E /* Products */,
				81C4C926876D06796837A606 /* Pods */,
				830B5ABEFDDAA5EF3FFBD546 /* Frameworks */,
			);
			sourceTree = "<group>";
		};
		8425C9B32148C9D4007B318E /* Products */ = {
			isa = PBXGroup;
			children = (
				8425C9B22148C9D4007B318E /* IOS_A2_2018B.app */,
			);
			name = Products;
			sourceTree = "<group>";
		};
		8425C9B42148C9D4007B318E /* IOS_A2_2018B */ = {
			isa = PBXGroup;
			children = (
				8425C9D12148CAE7007B318E /* Controller */,
				8425C9D02148CAD9007B318E /* View */,
				8425C9CF2148CAD4007B318E /* Model */,
				8425C9CE2148CAC9007B318E /* Extensions */,
				8425C9CD2148CABF007B318E /* Extras */,
				8425C9B52148C9D4007B318E /* AppDelegate.swift */,
				8425C9B92148C9D4007B318E /* Main.storyboard */,
				8425C9BC2148C9D5007B318E /* Assets.xcassets */,
				8425C9BE2148C9D5007B318E /* LaunchScreen.storyboard */,
				8425C9C12148C9D5007B318E /* Info.plist */,
			);
			path = IOS_A2_2018B;
			sourceTree = "<group>";
		};
		8425C9CD2148CABF007B318E /* Extras */ = {
			isa = PBXGroup;
			children = (
				8425C9D62148D00E007B318E /* Extras.swift */,
			);
			path = Extras;
			sourceTree = "<group>";
		};
		8425C9CE2148CAC9007B318E /* Extensions */ = {
			isa = PBXGroup;
			children = (
				8425C9D42148CF01007B318E /* Extensions.swift */,
			);
			path = Extensions;
			sourceTree = "<group>";
		};
		8425C9CF2148CAD4007B318E /* Model */ = {
			isa = PBXGroup;
			children = (
				8425C9D22148CE11007B318E /* CurrentWeather.swift */,
			);
			path = Model;
			sourceTree = "<group>";
		};
		8425C9D02148CAD9007B318E /* View */ = {
			isa = PBXGroup;
			children = (
			);
			path = View;
			sourceTree = "<group>";
		};
		8425C9D12148CAE7007B318E /* Controller */ = {
			isa = PBXGroup;
			children = (
				8425C9B72148C9D4007B318E /* ViewController.swift */,
			);
			path = Controller;
			sourceTree = "<group>";
		};
/* End PBXGroup section */

/* Begin PBXNativeTarget section */
		8425C9B12148C9D4007B318E /* IOS_A2_2018B */ = {
			isa = PBXNativeTarget;
			buildConfigurationList = 8425C9C42148C9D5007B318E /* Build configuration list for PBXNativeTarget "IOS_A2_2018B" */;
			buildPhases = (
				9703928C57B1C4629EDFC8E6 /* [CP] Check Pods Manifest.lock */,
				8425C9AE2148C9D4007B318E /* Sources */,
				8425C9AF2148C9D4007B318E /* Frameworks */,
				8425C9B02148C9D4007B318E /* Resources */,
				E802D9461918F51E12920880 /* [CP] Embed Pods Frameworks */,
			);
			buildRules = (
			);
			dependencies = (
			);
			name = IOS_A2_2018B;
			productName = IOS_A2_2018B;
			productReference = 8425C9B22148C9D4007B318E /* IOS_A2_2018B.app */;
			productType = "com.apple.product-type.application";
		};
/* End PBXNativeTarget section */

/* Begin PBXProject section */
		8425C9AA2148C9D4007B318E /* Project object */ = {
			isa = PBXProject;
			attributes = {
				LastSwiftUpdateCheck = 0940;
				LastUpgradeCheck = 0940;
				ORGANIZATIONNAME = Admin;
				TargetAttributes = {
					8425C9B12148C9D4007B318E = {
						CreatedOnToolsVersion = 9.4.1;
					};
				};
			};
			buildConfigurationList = 8425C9AD2148C9D4007B318E /* Build configuration list for PBXProject "IOS_A2_2018B" */;
			compatibilityVersion = "Xcode 9.3";
			developmentRegion = en;
			hasScannedForEncodings = 0;
			knownRegions = (
				en,
				Base,
			);
			mainGroup = 8425C9A92148C9D4007B318E;
			productRefGroup = 8425C9B32148C9D4007B318E /* Products */;
			projectDirPath = "";
			projectRoot = "";
			targets = (
				8425C9B12148C9D4007B318E /* IOS_A2_2018B */,
			);
		};
/* End PBXProject section */

/* Begin PBXResourcesBuildPhase section */
		8425C9B02148C9D4007B318E /* Resources */ = {
			isa = PBXResourcesBuildPhase;
			buildActionMask = 2147483647;
			files = (
				8425C9C02148C9D5007B318E /* LaunchScreen.storyboard in Resources */,
				8425C9BD2148C9D5007B318E /* Assets.xcassets in Resources */,
				8425C9BB2148C9D4007B318E /* Main.storyboard in Resources */,
			);
			runOnlyForDeploymentPostprocessing = 0;
		};
/* End PBXResourcesBuildPhase section */

/* Begin PBXShellScriptBuildPhase section */
		9703928C57B1C4629EDFC8E6 /* [CP] Check Pods Manifest.lock */ = {
			isa = PBXShellScriptBuildPhase;
			buildActionMask = 2147483647;
			files = (
			);
			inputPaths = (
				"${PODS_PODFILE_DIR_PATH}/Podfile.lock",
				"${PODS_ROOT}/Manifest.lock",
			);
			name = "[CP] Check Pods Manifest.lock";
			outputPaths = (
				"$(DERIVED_FILE_DIR)/Pods-IOS_A2_2018B-checkManifestLockResult.txt",
			);
			runOnlyForDeploymentPostprocessing = 0;
			shellPath = /bin/sh;
			shellScript = "diff \"${PODS_PODFILE_DIR_PATH}/Podfile.lock\" \"${PODS_ROOT}/Manifest.lock\" > /dev/null\nif [ $? != 0 ] ; then\n    # print error to STDERR\n    echo \"error: The sandbox is not in sync with the Podfile.lock. Run 'pod install' or update your CocoaPods installation.\" >&2\n    exit 1\nfi\n# This output is used by Xcode 'outputs' to avoid re-running this script phase.\necho \"SUCCESS\" > \"${SCRIPT_OUTPUT_FILE_0}\"\n";
			showEnvVarsInLog = 0;
		};
		E802D9461918F51E12920880 /* [CP] Embed Pods Frameworks */ = {
			isa = PBXShellScriptBuildPhase;
			buildActionMask = 2147483647;
			files = (
			);
			inputPaths = (
				"${SRCROOT}/Pods/Target Support Files/Pods-IOS_A2_2018B/Pods-IOS_A2_2018B-frameworks.sh",
				"${BUILT_PRODUCTS_DIR}/Alamofire/Alamofire.framework",
				"${BUILT_PRODUCTS_DIR}/SwiftyJSON/SwiftyJSON.framework",
			);
			name = "[CP] Embed Pods Frameworks";
			outputPaths = (
				"${TARGET_BUILD_DIR}/${FRAMEWORKS_FOLDER_PATH}/Alamofire.framework",
				"${TARGET_BUILD_DIR}/${FRAMEWORKS_FOLDER_PATH}/SwiftyJSON.framework",
			);
			runOnlyForDeploymentPostprocessing = 0;
			shellPath = /bin/sh;
			shellScript = "\"${SRCROOT}/Pods/Target Support Files/Pods-IOS_A2_2018B/Pods-IOS_A2_2018B-frameworks.sh\"\n";
			showEnvVarsInLog = 0;
		};
/* End PBXShellScriptBuildPhase section */

/* Begin PBXSourcesBuildPhase section */
		8425C9AE2148C9D4007B318E /* Sources */ = {
			isa = PBXSourcesBuildPhase;
			buildActionMask = 2147483647;
			files = (
				8425C9B82148C9D4007B318E /* ViewController.swift in Sources */,
				8425C9D72148D00E007B318E /* Extras.swift in Sources */,
				8425C9D32148CE11007B318E /* CurrentWeather.swift in Sources */,
				8425C9B62148C9D4007B318E /* AppDelegate.swift in Sources */,
				8425C9D52148CF01007B318E /* Extensions.swift in Sources */,
			);
			runOnlyForDeploymentPostprocessing = 0;
		};
/* End PBXSourcesBuildPhase section */

/* Begin PBXVariantGroup section */
		8425C9B92148C9D4007B318E /* Main.storyboard */ = {
			isa = PBXVariantGroup;
			children = (
				8425C9BA2148C9D4007B318E /* Base */,
			);
			name = Main.storyboard;
			sourceTree = "<group>";
		};
		8425C9BE2148C9D5007B318E /* LaunchScreen.storyboard */ = {
			isa = PBXVariantGroup;
			children = (
				8425C9BF2148C9D5007B318E /* Base */,
			);
			name = LaunchScreen.storyboard;
			sourceTree = "<group>";
		};
/* End PBXVariantGroup section */

/* Begin XCBuildConfiguration section */
		8425C9C22148C9D5007B318E /* Debug */ = {
			isa = XCBuildConfiguration;
			buildSettings = {
				ALWAYS_SEARCH_USER_PATHS = NO;
				CLANG_ANALYZER_NONNULL = YES;
				CLANG_ANALYZER_NUMBER_OBJECT_CONVERSION = YES_AGGRESSIVE;
				CLANG_CXX_LANGUAGE_STANDARD = "gnu++14";
				CLANG_CXX_LIBRARY = "libc++";
				CLANG_ENABLE_MODULES = YES;
				CLANG_ENABLE_OBJC_ARC = YES;
				CLANG_ENABLE_OBJC_WEAK = YES;
				CLANG_WARN_BLOCK_CAPTURE_AUTORELEASING = YES;
				CLANG_WARN_BOOL_CONVERSION = YES;
				CLANG_WARN_COMMA = YES;
				CLANG_WARN_CONSTANT_CONVERSION = YES;
				CLANG_WARN_DEPRECATED_OBJC_IMPLEMENTATIONS = YES;
				CLANG_WARN_DIRECT_OBJC_ISA_USAGE = YES_ERROR;
				CLANG_WARN_DOCUMENTATION_COMMENTS = YES;
				CLANG_WARN_EMPTY_BODY = YES;
				CLANG_WARN_ENUM_CONVERSION = YES;
				CLANG_WARN_INFINITE_RECURSION = YES;
				CLANG_WARN_INT_CONVERSION = YES;
				CLANG_WARN_NON_LITERAL_NULL_CONVERSION = YES;
				CLANG_WARN_OBJC_IMPLICIT_RETAIN_SELF = YES;
				CLANG_WARN_OBJC_LITERAL_CONVERSION = YES;
				CLANG_WARN_OBJC_ROOT_CLASS = YES_ERROR;
				CLANG_WARN_RANGE_LOOP_ANALYSIS = YES;
				CLANG_WARN_STRICT_PROTOTYPES = YES;
				CLANG_WARN_SUSPICIOUS_MOVE = YES;
				CLANG_WARN_UNGUARDED_AVAILABILITY = YES_AGGRESSIVE;
				CLANG_WARN_UNREACHABLE_CODE = YES;
				CLANG_WARN__DUPLICATE_METHOD_MATCH = YES;
				CODE_SIGN_IDENTITY = "iPhone Developer";
				COPY_PHASE_STRIP = NO;
				DEBUG_INFORMATION_FORMAT = dwarf;
				ENABLE_STRICT_OBJC_MSGSEND = YES;
				ENABLE_TESTABILITY = YES;
				GCC_C_LANGUAGE_STANDARD = gnu11;
				GCC_DYNAMIC_NO_PIC = NO;
				GCC_NO_COMMON_BLOCKS = YES;
				GCC_OPTIMIZATION_LEVEL = 0;
				GCC_PREPROCESSOR_DEFINITIONS = (
					"DEBUG=1",
					"$(inherited)",
				);
				GCC_WARN_64_TO_32_BIT_CONVERSION = YES;
				GCC_WARN_ABOUT_RETURN_TYPE = YES_ERROR;
				GCC_WARN_UNDECLARED_SELECTOR = YES;
				GCC_WARN_UNINITIALIZED_AUTOS = YES_AGGRESSIVE;
				GCC_WARN_UNUSED_FUNCTION = YES;
				GCC_WARN_UNUSED_VARIABLE = YES;
				IPHONEOS_DEPLOYMENT_TARGET = 11.4;
				MTL_ENABLE_DEBUG_INFO = YES;
				ONLY_ACTIVE_ARCH = YES;
				SDKROOT = iphoneos;
				SWIFT_ACTIVE_COMPILATION_CONDITIONS = DEBUG;
				SWIFT_OPTIMIZATION_LEVEL = "-Onone";
			};
			name = Debug;
		};
		8425C9C32148C9D5007B318E /* Release */ = {
			isa = XCBuildConfiguration;
			buildSettings = {
				ALWAYS_SEARCH_USER_PATHS = NO;
				CLANG_ANALYZER_NONNULL = YES;
				CLANG_ANALYZER_NUMBER_OBJECT_CONVERSION = YES_AGGRESSIVE;
				CLANG_CXX_LANGUAGE_STANDARD = "gnu++14";
				CLANG_CXX_LIBRARY = "libc++";
				CLANG_ENABLE_MODULES = YES;
				CLANG_ENABLE_OBJC_ARC = YES;
				CLANG_ENABLE_OBJC_WEAK = YES;
				CLANG_WARN_BLOCK_CAPTURE_AUTORELEASING = YES;
				CLANG_WARN_BOOL_CONVERSION = YES;
				CLANG_WARN_COMMA = YES;
				CLANG_WARN_CONSTANT_CONVERSION = YES;
				CLANG_WARN_DEPRECATED_OBJC_IMPLEMENTATIONS = YES;
				CLANG_WARN_DIRECT_OBJC_ISA_USAGE = YES_ERROR;
				CLANG_WARN_DOCUMENTATION_COMMENTS = YES;
				CLANG_WARN_EMPTY_BODY = YES;
				CLANG_WARN_ENUM_CONVERSION = YES;
				CLANG_WARN_INFINITE_RECURSION = YES;
				CLANG_WARN_INT_CONVERSION = YES;
				CLANG_WARN_NON_LITERAL_NULL_CONVERSION = YES;
				CLANG_WARN_OBJC_IMPLICIT_RETAIN_SELF = YES;
				CLANG_WARN_OBJC_LITERAL_CONVERSION = YES;
				CLANG_WARN_OBJC_ROOT_CLASS = YES_ERROR;
				CLANG_WARN_RANGE_LOOP_ANALYSIS = YES;
				CLANG_WARN_STRICT_PROTOTYPES = YES;
				CLANG_WARN_SUSPICIOUS_MOVE = YES;
				CLANG_WARN_UNGUARDED_AVAILABILITY = YES_AGGRESSIVE;
				CLANG_WARN_UNREACHABLE_CODE = YES;
				CLANG_WARN__DUPLICATE_METHOD_MATCH = YES;
				CODE_SIGN_IDENTITY = "iPhone Developer";
				COPY_PHASE_STRIP = NO;
				DEBUG_INFORMATION_FORMAT = "dwarf-with-dsym";
				ENABLE_NS_ASSERTIONS = NO;
				ENABLE_STRICT_OBJC_MSGSEND = YES;
				GCC_C_LANGUAGE_STANDARD = gnu11;
				GCC_NO_COMMON_BLOCKS = YES;
				GCC_WARN_64_TO_32_BIT_CONVERSION = YES;
				GCC_WARN_ABOUT_RETURN_TYPE = YES_ERROR;
				GCC_WARN_UNDECLARED_SELECTOR = YES;
				GCC_WARN_UNINITIALIZED_AUTOS = YES_AGGRESSIVE;
				GCC_WARN_UNUSED_FUNCTION = YES;
				GCC_WARN_UNUSED_VARIABLE = YES;
				IPHONEOS_DEPLOYMENT_TARGET = 11.4;
				MTL_ENABLE_DEBUG_INFO = NO;
				SDKROOT = iphoneos;
				SWIFT_COMPILATION_MODE = wholemodule;
				SWIFT_OPTIMIZATION_LEVEL = "-O";
				VALIDATE_PRODUCT = YES;
			};
			name = Release;
		};
		8425C9C52148C9D5007B318E /* Debug */ = {
			isa = XCBuildConfiguration;
			baseConfigurationReference = A907BB8F10B56C343B767C40 /* Pods-IOS_A2_2018B.debug.xcconfig */;
			buildSettings = {
				ASSETCATALOG_COMPILER_APPICON_NAME = AppIcon;
				CODE_SIGN_STYLE = Automatic;
				INFOPLIST_FILE = IOS_A2_2018B/Info.plist;
				LD_RUNPATH_SEARCH_PATHS = (
					"$(inherited)",
					"@executable_path/Frameworks",
				);
				PRODUCT_BUNDLE_IDENTIFIER = "Assignment.IOS-A2-2018B";
				PRODUCT_NAME = "$(TARGET_NAME)";
				SWIFT_VERSION = 4.0;
				TARGETED_DEVICE_FAMILY = "1,2";
			};
			name = Debug;
		};
		8425C9C62148C9D5007B318E /* Release */ = {
			isa = XCBuildConfiguration;
			baseConfigurationReference = 882D7BA6FF55081363D25023 /* Pods-IOS_A2_2018B.release.xcconfig */;
			buildSettings = {
				ASSETCATALOG_COMPILER_APPICON_NAME = AppIcon;
				CODE_SIGN_STYLE = Automatic;
				INFOPLIST_FILE = IOS_A2_2018B/Info.plist;
				LD_RUNPATH_SEARCH_PATHS = (
					"$(inherited)",
					"@executable_path/Frameworks",
				);
				PRODUCT_BUNDLE_IDENTIFIER = "Assignment.IOS-A2-2018B";
				PRODUCT_NAME = "$(TARGET_NAME)";
				SWIFT_VERSION = 4.0;
				TARGETED_DEVICE_FAMILY = "1,2";
			};
			name = Release;
		};
/* End XCBuildConfiguration section */

/* Begin XCConfigurationList section */
		8425C9AD2148C9D4007B318E /* Build configuration list for PBXProject "IOS_A2_2018B" */ = {
			isa = XCConfigurationList;
			buildConfigurations = (
				8425C9C22148C9D5007B318E /* Debug */,
				8425C9C32148C9D5007B318E /* Release */,
			);
			defaultConfigurationIsVisible = 0;
			defaultConfigurationName = Release;
		};
		8425C9C42148C9D5007B318E /* Build configuration list for PBXNativeTarget "IOS_A2_2018B" */ = {
			isa = XCConfigurationList;
			buildConfigurations = (
				8425C9C52148C9D5007B318E /* Debug */,
				8425C9C62148C9D5007B318E /* Release */,
			);
			defaultConfigurationIsVisible = 0;
			defaultConfigurationName = Release;
		};
/* End XCConfigurationList section */
	};
	rootObject = 8425C9AA2148C9D4007B318E /* Project object */;
}
