// !$*UTF8*$!
{
	archiveVersion = 1;
	classes = {
	};
	objectVersion = 48;
	objects = {

/* Begin PBXBuildFile section */
		EB56BF9F215A465B00AB7457 /* HourlyPopup.storyboard in Resources */ = {isa = PBXBuildFile; fileRef = EB56BF9D215A465B00AB7457 /* HourlyPopup.storyboard */; };
		EB81069F215C88E6000BBAF8 /* APIUrl.swift in Sources */ = {isa = PBXBuildFile; fileRef = EB81069E215C88E6000BBAF8 /* APIUrl.swift */; };
		EB8106A1215C894E000BBAF8 /* NextWeek.swift in Sources */ = {isa = PBXBuildFile; fileRef = EB8106A0215C894E000BBAF8 /* NextWeek.swift */; };
		EB8106A3215C897F000BBAF8 /* NextWeekTableTableViewController.swift in Sources */ = {isa = PBXBuildFile; fileRef = EB8106A2215C897F000BBAF8 /* NextWeekTableTableViewController.swift */; };
		EB8106A5215C89C4000BBAF8 /* NextWeekTableViewCell.swift in Sources */ = {isa = PBXBuildFile; fileRef = EB8106A4215C89C4000BBAF8 /* NextWeekTableViewCell.swift */; };
		EB8106A8215C89FF000BBAF8 /* NextWeek.storyboard in Resources */ = {isa = PBXBuildFile; fileRef = EB8106A6215C89FF000BBAF8 /* NextWeek.storyboard */; };
		EB8106AA215C99E3000BBAF8 /* Extensions.swift in Sources */ = {isa = PBXBuildFile; fileRef = EB8106A9215C99E3000BBAF8 /* Extensions.swift */; };
		EBDEDECC2157583B00844D2D /* AppDelegate.swift in Sources */ = {isa = PBXBuildFile; fileRef = EBDEDECB2157583B00844D2D /* AppDelegate.swift */; };
		EBDEDED02157583B00844D2D /* HourlyScreen.swift in Sources */ = {isa = PBXBuildFile; fileRef = EBDEDECF2157583B00844D2D /* HourlyScreen.swift */; };
		EBDEDED32157583B00844D2D /* Main.storyboard in Resources */ = {isa = PBXBuildFile; fileRef = EBDEDED12157583B00844D2D /* Main.storyboard */; };
		EBDEDED52157583B00844D2D /* Assets.xcassets in Resources */ = {isa = PBXBuildFile; fileRef = EBDEDED42157583B00844D2D /* Assets.xcassets */; };
		EBDEDED82157583B00844D2D /* LaunchScreen.storyboard in Resources */ = {isa = PBXBuildFile; fileRef = EBDEDED62157583B00844D2D /* LaunchScreen.storyboard */; };
		EBDEDEE0215761BC00844D2D /* HourlyCell.swift in Sources */ = {isa = PBXBuildFile; fileRef = EBDEDEDF215761BC00844D2D /* HourlyCell.swift */; };
		EBDEDEE22157630D00844D2D /* HourlyWeather.swift in Sources */ = {isa = PBXBuildFile; fileRef = EBDEDEE12157630D00844D2D /* HourlyWeather.swift */; };
		EBDEDEEA2158DE4300844D2D /* Hourly.storyboard in Resources */ = {isa = PBXBuildFile; fileRef = EBDEDEE82158DE4300844D2D /* Hourly.storyboard */; };
		EBDEDEEC2158E4E100844D2D /* HourlyPopup.swift in Sources */ = {isa = PBXBuildFile; fileRef = EBDEDEEB2158E4E100844D2D /* HourlyPopup.swift */; };
		EBDEDEEE2158F43B00844D2D /* NotificationNameExtension.swift in Sources */ = {isa = PBXBuildFile; fileRef = EBDEDEED2158F43B00844D2D /* NotificationNameExtension.swift */; };
		FB831B0E7157934FC92B0E1A /* Pods_WeatherApp.framework in Frameworks */ = {isa = PBXBuildFile; fileRef = 172E42C6B484CB8A0F2142CE /* Pods_WeatherApp.framework */; };
/* End PBXBuildFile section */

/* Begin PBXFileReference section */
		172E42C6B484CB8A0F2142CE /* Pods_WeatherApp.framework */ = {isa = PBXFileReference; explicitFileType = wrapper.framework; includeInIndex = 0; path = Pods_WeatherApp.framework; sourceTree = BUILT_PRODUCTS_DIR; };
		60E5C37FABB5AAE4E4E38D37 /* Pods-WeatherApp.debug.xcconfig */ = {isa = PBXFileReference; includeInIndex = 1; lastKnownFileType = text.xcconfig; name = "Pods-WeatherApp.debug.xcconfig"; path = "Pods/Target Support Files/Pods-WeatherApp/Pods-WeatherApp.debug.xcconfig"; sourceTree = "<group>"; };
		BD15023E79684D5601BB5965 /* Pods-WeatherApp.release.xcconfig */ = {isa = PBXFileReference; includeInIndex = 1; lastKnownFileType = text.xcconfig; name = "Pods-WeatherApp.release.xcconfig"; path = "Pods/Target Support Files/Pods-WeatherApp/Pods-WeatherApp.release.xcconfig"; sourceTree = "<group>"; };
		EB56BF9E215A465B00AB7457 /* Base */ = {isa = PBXFileReference; lastKnownFileType = file.storyboard; name = Base; path = WeatherApp/Hourly/WeatherApp/Base.lproj/HourlyPopup.storyboard; sourceTree = "<group>"; };
		EB81069E215C88E6000BBAF8 /* APIUrl.swift */ = {isa = PBXFileReference; lastKnownFileType = sourcecode.swift; path = APIUrl.swift; sourceTree = "<group>"; };
		EB8106A0215C894E000BBAF8 /* NextWeek.swift */ = {isa = PBXFileReference; lastKnownFileType = sourcecode.swift; path = NextWeek.swift; sourceTree = "<group>"; };
		EB8106A2215C897F000BBAF8 /* NextWeekTableTableViewController.swift */ = {isa = PBXFileReference; lastKnownFileType = sourcecode.swift; path = NextWeekTableTableViewController.swift; sourceTree = "<group>"; };
		EB8106A4215C89C4000BBAF8 /* NextWeekTableViewCell.swift */ = {isa = PBXFileReference; lastKnownFileType = sourcecode.swift; path = NextWeekTableViewCell.swift; sourceTree = "<group>"; };
		EB8106A7215C89FF000BBAF8 /* Base */ = {isa = PBXFileReference; lastKnownFileType = file.storyboard; name = Base; path = WeatherApp/Base.lproj/NextWeek.storyboard; sourceTree = "<group>"; };
		EB8106A9215C99E3000BBAF8 /* Extensions.swift */ = {isa = PBXFileReference; lastKnownFileType = sourcecode.swift; path = Extensions.swift; sourceTree = "<group>"; };
		EBDEDEC82157583B00844D2D /* WeatherApp.app */ = {isa = PBXFileReference; explicitFileType = wrapper.application; includeInIndex = 0; path = WeatherApp.app; sourceTree = BUILT_PRODUCTS_DIR; };
		EBDEDECB2157583B00844D2D /* AppDelegate.swift */ = {isa = PBXFileReference; lastKnownFileType = sourcecode.swift; path = AppDelegate.swift; sourceTree = "<group>"; };
		EBDEDECF2157583B00844D2D /* HourlyScreen.swift */ = {isa = PBXFileReference; lastKnownFileType = sourcecode.swift; path = HourlyScreen.swift; sourceTree = "<group>"; };
		EBDEDED22157583B00844D2D /* Base */ = {isa = PBXFileReference; lastKnownFileType = file.storyboard; name = Base; path = Base.lproj/Main.storyboard; sourceTree = "<group>"; };
		EBDEDED42157583B00844D2D /* Assets.xcassets */ = {isa = PBXFileReference; lastKnownFileType = folder.assetcatalog; path = Assets.xcassets; sourceTree = "<group>"; };
		EBDEDED72157583B00844D2D /* Base */ = {isa = PBXFileReference; lastKnownFileType = file.storyboard; name = Base; path = Base.lproj/LaunchScreen.storyboard; sourceTree = "<group>"; };
		EBDEDED92157583B00844D2D /* Info.plist */ = {isa = PBXFileReference; lastKnownFileType = text.plist.xml; path = Info.plist; sourceTree = "<group>"; };
		EBDEDEDF215761BC00844D2D /* HourlyCell.swift */ = {isa = PBXFileReference; lastKnownFileType = sourcecode.swift; path = HourlyCell.swift; sourceTree = "<group>"; };
		EBDEDEE12157630D00844D2D /* HourlyWeather.swift */ = {isa = PBXFileReference; lastKnownFileType = sourcecode.swift; path = HourlyWeather.swift; sourceTree = "<group>"; };
		EBDEDEE92158DE4300844D2D /* Base */ = {isa = PBXFileReference; lastKnownFileType = file.storyboard; name = Base; path = WeatherApp/Base.lproj/Hourly.storyboard; sourceTree = "<group>"; };
		EBDEDEEB2158E4E100844D2D /* HourlyPopup.swift */ = {isa = PBXFileReference; lastKnownFileType = sourcecode.swift; path = HourlyPopup.swift; sourceTree = "<group>"; };
		EBDEDEED2158F43B00844D2D /* NotificationNameExtension.swift */ = {isa = PBXFileReference; lastKnownFileType = sourcecode.swift; path = NotificationNameExtension.swift; sourceTree = "<group>"; };
/* End PBXFileReference section */

/* Begin PBXFrameworksBuildPhase section */
		EBDEDEC52157583B00844D2D /* Frameworks */ = {
			isa = PBXFrameworksBuildPhase;
			buildActionMask = 2147483647;
			files = (
				FB831B0E7157934FC92B0E1A /* Pods_WeatherApp.framework in Frameworks */,
			);
			runOnlyForDeploymentPostprocessing = 0;
		};
/* End PBXFrameworksBuildPhase section */

/* Begin PBXGroup section */
		BFA309CE8166DB8BE1160AD1 /* Pods */ = {
			isa = PBXGroup;
			children = (
				60E5C37FABB5AAE4E4E38D37 /* Pods-WeatherApp.debug.xcconfig */,
				BD15023E79684D5601BB5965 /* Pods-WeatherApp.release.xcconfig */,
			);
			name = Pods;
			sourceTree = "<group>";
		};
		C0BF8A0B472178DF517A5C19 /* Frameworks */ = {
			isa = PBXGroup;
			children = (
				172E42C6B484CB8A0F2142CE /* Pods_WeatherApp.framework */,
			);
			name = Frameworks;
			sourceTree = "<group>";
		};
		EB81069D215C888B000BBAF8 /* NextWeek */ = {
			isa = PBXGroup;
			children = (
				EB8106A6215C89FF000BBAF8 /* NextWeek.storyboard */,
				EB81069E215C88E6000BBAF8 /* APIUrl.swift */,
				EB8106A0215C894E000BBAF8 /* NextWeek.swift */,
				EB8106A2215C897F000BBAF8 /* NextWeekTableTableViewController.swift */,
				EB8106A4215C89C4000BBAF8 /* NextWeekTableViewCell.swift */,
				EB8106A9215C99E3000BBAF8 /* Extensions.swift */,
			);
			path = NextWeek;
			sourceTree = "<group>";
		};
		EBDEDEBF2157583B00844D2D = {
			isa = PBXGroup;
			children = (
				EBDEDECA2157583B00844D2D /* WeatherApp */,
				EBDEDEC92157583B00844D2D /* Products */,
				BFA309CE8166DB8BE1160AD1 /* Pods */,
				C0BF8A0B472178DF517A5C19 /* Frameworks */,
			);
			sourceTree = "<group>";
		};
		EBDEDEC92157583B00844D2D /* Products */ = {
			isa = PBXGroup;
			children = (
				EBDEDEC82157583B00844D2D /* WeatherApp.app */,
			);
			name = Products;
			sourceTree = "<group>";
		};
		EBDEDECA2157583B00844D2D /* WeatherApp */ = {
			isa = PBXGroup;
			children = (
				EB81069D215C888B000BBAF8 /* NextWeek */,
				EBDEDEE72157960D00844D2D /* Hourly */,
				EBDEDECB2157583B00844D2D /* AppDelegate.swift */,
				EBDEDED12157583B00844D2D /* Main.storyboard */,
				EBDEDED62157583B00844D2D /* LaunchScreen.storyboard */,
				EBDEDED42157583B00844D2D /* Assets.xcassets */,
				EBDEDED92157583B00844D2D /* Info.plist */,
			);
			path = WeatherApp;
			sourceTree = "<group>";
		};
		EBDEDEE72157960D00844D2D /* Hourly */ = {
			isa = PBXGroup;
			children = (
				EBDEDECF2157583B00844D2D /* HourlyScreen.swift */,
				EBDEDEE82158DE4300844D2D /* Hourly.storyboard */,
				EBDEDEDF215761BC00844D2D /* HourlyCell.swift */,
				EBDEDEE12157630D00844D2D /* HourlyWeather.swift */,
				EBDEDEEB2158E4E100844D2D /* HourlyPopup.swift */,
				EB56BF9D215A465B00AB7457 /* HourlyPopup.storyboard */,
				EBDEDEED2158F43B00844D2D /* NotificationNameExtension.swift */,
			);
			path = Hourly;
			sourceTree = "<group>";
		};
/* End PBXGroup section */

/* Begin PBXNativeTarget section */
		EBDEDEC72157583B00844D2D /* WeatherApp */ = {
			isa = PBXNativeTarget;
			buildConfigurationList = EBDEDEDC2157583B00844D2D /* Build configuration list for PBXNativeTarget "WeatherApp" */;
			buildPhases = (
				104D290DD4EBB00CDF9002F9 /* [CP] Check Pods Manifest.lock */,
				EBDEDEC42157583B00844D2D /* Sources */,
				EBDEDEC52157583B00844D2D /* Frameworks */,
				EBDEDEC62157583B00844D2D /* Resources */,
				2F32ACBEAECADA2A3BCEE46F /* [CP] Embed Pods Frameworks */,
			);
			buildRules = (
			);
			dependencies = (
			);
			name = WeatherApp;
			productName = WeatherApp;
			productReference = EBDEDEC82157583B00844D2D /* WeatherApp.app */;
			productType = "com.apple.product-type.application";
		};
/* End PBXNativeTarget section */

/* Begin PBXProject section */
		EBDEDEC02157583B00844D2D /* Project object */ = {
			isa = PBXProject;
			attributes = {
				LastSwiftUpdateCheck = 0920;
				LastUpgradeCheck = 0920;
				ORGANIZATIONNAME = "Linh Do";
				TargetAttributes = {
					EBDEDEC72157583B00844D2D = {
						CreatedOnToolsVersion = 9.2;
						ProvisioningStyle = Automatic;
					};
				};
			};
			buildConfigurationList = EBDEDEC32157583B00844D2D /* Build configuration list for PBXProject "WeatherApp" */;
			compatibilityVersion = "Xcode 8.0";
			developmentRegion = en;
			hasScannedForEncodings = 0;
			knownRegions = (
				en,
				Base,
			);
			mainGroup = EBDEDEBF2157583B00844D2D;
			productRefGroup = EBDEDEC92157583B00844D2D /* Products */;
			projectDirPath = "";
			projectRoot = "";
			targets = (
				EBDEDEC72157583B00844D2D /* WeatherApp */,
			);
		};
/* End PBXProject section */

/* Begin PBXResourcesBuildPhase section */
		EBDEDEC62157583B00844D2D /* Resources */ = {
			isa = PBXResourcesBuildPhase;
			buildActionMask = 2147483647;
			files = (
				EBDEDED82157583B00844D2D /* LaunchScreen.storyboard in Resources */,
				EB8106A8215C89FF000BBAF8 /* NextWeek.storyboard in Resources */,
				EBDEDED52157583B00844D2D /* Assets.xcassets in Resources */,
				EB56BF9F215A465B00AB7457 /* HourlyPopup.storyboard in Resources */,
				EBDEDED32157583B00844D2D /* Main.storyboard in Resources */,
				EBDEDEEA2158DE4300844D2D /* Hourly.storyboard in Resources */,
			);
			runOnlyForDeploymentPostprocessing = 0;
		};
/* End PBXResourcesBuildPhase section */

/* Begin PBXShellScriptBuildPhase section */
		104D290DD4EBB00CDF9002F9 /* [CP] Check Pods Manifest.lock */ = {
			isa = PBXShellScriptBuildPhase;
			buildActionMask = 2147483647;
			files = (
			);
			inputPaths = (
				"${PODS_PODFILE_DIR_PATH}/Podfile.lock",
				"${PODS_ROOT}/Manifest.lock",
			);
			name = "[CP] Check Pods Manifest.lock";
			outputPaths = (
				"$(DERIVED_FILE_DIR)/Pods-WeatherApp-checkManifestLockResult.txt",
			);
			runOnlyForDeploymentPostprocessing = 0;
			shellPath = /bin/sh;
			shellScript = "diff \"${PODS_PODFILE_DIR_PATH}/Podfile.lock\" \"${PODS_ROOT}/Manifest.lock\" > /dev/null\nif [ $? != 0 ] ; then\n    # print error to STDERR\n    echo \"error: The sandbox is not in sync with the Podfile.lock. Run 'pod install' or update your CocoaPods installation.\" >&2\n    exit 1\nfi\n# This output is used by Xcode 'outputs' to avoid re-running this script phase.\necho \"SUCCESS\" > \"${SCRIPT_OUTPUT_FILE_0}\"\n";
			showEnvVarsInLog = 0;
		};
		2F32ACBEAECADA2A3BCEE46F /* [CP] Embed Pods Frameworks */ = {
			isa = PBXShellScriptBuildPhase;
			buildActionMask = 2147483647;
			files = (
			);
			inputPaths = (
				"${SRCROOT}/Pods/Target Support Files/Pods-WeatherApp/Pods-WeatherApp-frameworks.sh",
				"${BUILT_PRODUCTS_DIR}/Alamofire/Alamofire.framework",
				"${BUILT_PRODUCTS_DIR}/SwiftyJSON/SwiftyJSON.framework",
			);
			name = "[CP] Embed Pods Frameworks";
			outputPaths = (
				"${TARGET_BUILD_DIR}/${FRAMEWORKS_FOLDER_PATH}/Alamofire.framework",
				"${TARGET_BUILD_DIR}/${FRAMEWORKS_FOLDER_PATH}/SwiftyJSON.framework",
			);
			runOnlyForDeploymentPostprocessing = 0;
			shellPath = /bin/sh;
			shellScript = "\"${SRCROOT}/Pods/Target Support Files/Pods-WeatherApp/Pods-WeatherApp-frameworks.sh\"\n";
			showEnvVarsInLog = 0;
		};
/* End PBXShellScriptBuildPhase section */

/* Begin PBXSourcesBuildPhase section */
		EBDEDEC42157583B00844D2D /* Sources */ = {
			isa = PBXSourcesBuildPhase;
			buildActionMask = 2147483647;
			files = (
				EBDEDED02157583B00844D2D /* HourlyScreen.swift in Sources */,
				EB8106A3215C897F000BBAF8 /* NextWeekTableTableViewController.swift in Sources */,
				EBDEDECC2157583B00844D2D /* AppDelegate.swift in Sources */,
				EBDEDEE0215761BC00844D2D /* HourlyCell.swift in Sources */,
				EB8106A5215C89C4000BBAF8 /* NextWeekTableViewCell.swift in Sources */,
				EBDEDEEC2158E4E100844D2D /* HourlyPopup.swift in Sources */,
				EB8106A1215C894E000BBAF8 /* NextWeek.swift in Sources */,
				EBDEDEE22157630D00844D2D /* HourlyWeather.swift in Sources */,
				EB81069F215C88E6000BBAF8 /* APIUrl.swift in Sources */,
				EB8106AA215C99E3000BBAF8 /* Extensions.swift in Sources */,
				EBDEDEEE2158F43B00844D2D /* NotificationNameExtension.swift in Sources */,
			);
			runOnlyForDeploymentPostprocessing = 0;
		};
/* End PBXSourcesBuildPhase section */

/* Begin PBXVariantGroup section */
		EB56BF9D215A465B00AB7457 /* HourlyPopup.storyboard */ = {
			isa = PBXVariantGroup;
			children = (
				EB56BF9E215A465B00AB7457 /* Base */,
			);
			name = HourlyPopup.storyboard;
			sourceTree = "<group>";
		};
		EB8106A6215C89FF000BBAF8 /* NextWeek.storyboard */ = {
			isa = PBXVariantGroup;
			children = (
				EB8106A7215C89FF000BBAF8 /* Base */,
			);
			name = NextWeek.storyboard;
			sourceTree = "<group>";
		};
		EBDEDED12157583B00844D2D /* Main.storyboard */ = {
			isa = PBXVariantGroup;
			children = (
				EBDEDED22157583B00844D2D /* Base */,
			);
			name = Main.storyboard;
			sourceTree = "<group>";
		};
		EBDEDED62157583B00844D2D /* LaunchScreen.storyboard */ = {
			isa = PBXVariantGroup;
			children = (
				EBDEDED72157583B00844D2D /* Base */,
			);
			name = LaunchScreen.storyboard;
			sourceTree = "<group>";
		};
		EBDEDEE82158DE4300844D2D /* Hourly.storyboard */ = {
			isa = PBXVariantGroup;
			children = (
				EBDEDEE92158DE4300844D2D /* Base */,
			);
			name = Hourly.storyboard;
			sourceTree = "<group>";
		};
/* End PBXVariantGroup section */

/* Begin XCBuildConfiguration section */
		EBDEDEDA2157583B00844D2D /* Debug */ = {
			isa = XCBuildConfiguration;
			buildSettings = {
				ALWAYS_SEARCH_USER_PATHS = NO;
				CLANG_ANALYZER_NONNULL = YES;
				CLANG_ANALYZER_NUMBER_OBJECT_CONVERSION = YES_AGGRESSIVE;
				CLANG_CXX_LANGUAGE_STANDARD = "gnu++14";
				CLANG_CXX_LIBRARY = "libc++";
				CLANG_ENABLE_MODULES = YES;
				CLANG_ENABLE_OBJC_ARC = YES;
				CLANG_WARN_BLOCK_CAPTURE_AUTORELEASING = YES;
				CLANG_WARN_BOOL_CONVERSION = YES;
				CLANG_WARN_COMMA = YES;
				CLANG_WARN_CONSTANT_CONVERSION = YES;
				CLANG_WARN_DIRECT_OBJC_ISA_USAGE = YES_ERROR;
				CLANG_WARN_DOCUMENTATION_COMMENTS = YES;
				CLANG_WARN_EMPTY_BODY = YES;
				CLANG_WARN_ENUM_CONVERSION = YES;
				CLANG_WARN_INFINITE_RECURSION = YES;
				CLANG_WARN_INT_CONVERSION = YES;
				CLANG_WARN_NON_LITERAL_NULL_CONVERSION = YES;
				CLANG_WARN_OBJC_LITERAL_CONVERSION = YES;
				CLANG_WARN_OBJC_ROOT_CLASS = YES_ERROR;
				CLANG_WARN_RANGE_LOOP_ANALYSIS = YES;
				CLANG_WARN_STRICT_PROTOTYPES = YES;
				CLANG_WARN_SUSPICIOUS_MOVE = YES;
				CLANG_WARN_UNGUARDED_AVAILABILITY = YES_AGGRESSIVE;
				CLANG_WARN_UNREACHABLE_CODE = YES;
				CLANG_WARN__DUPLICATE_METHOD_MATCH = YES;
				CODE_SIGN_IDENTITY = "iPhone Developer";
				COPY_PHASE_STRIP = NO;
				DEBUG_INFORMATION_FORMAT = dwarf;
				ENABLE_STRICT_OBJC_MSGSEND = YES;
				ENABLE_TESTABILITY = YES;
				GCC_C_LANGUAGE_STANDARD = gnu11;
				GCC_DYNAMIC_NO_PIC = NO;
				GCC_NO_COMMON_BLOCKS = YES;
				GCC_OPTIMIZATION_LEVEL = 0;
				GCC_PREPROCESSOR_DEFINITIONS = (
					"DEBUG=1",
					"$(inherited)",
				);
				GCC_WARN_64_TO_32_BIT_CONVERSION = YES;
				GCC_WARN_ABOUT_RETURN_TYPE = YES_ERROR;
				GCC_WARN_UNDECLARED_SELECTOR = YES;
				GCC_WARN_UNINITIALIZED_AUTOS = YES_AGGRESSIVE;
				GCC_WARN_UNUSED_FUNCTION = YES;
				GCC_WARN_UNUSED_VARIABLE = YES;
				IPHONEOS_DEPLOYMENT_TARGET = 11.2;
				MTL_ENABLE_DEBUG_INFO = YES;
				ONLY_ACTIVE_ARCH = YES;
				SDKROOT = iphoneos;
				SWIFT_ACTIVE_COMPILATION_CONDITIONS = DEBUG;
				SWIFT_OPTIMIZATION_LEVEL = "-Onone";
			};
			name = Debug;
		};
		EBDEDEDB2157583B00844D2D /* Release */ = {
			isa = XCBuildConfiguration;
			buildSettings = {
				ALWAYS_SEARCH_USER_PATHS = NO;
				CLANG_ANALYZER_NONNULL = YES;
				CLANG_ANALYZER_NUMBER_OBJECT_CONVERSION = YES_AGGRESSIVE;
				CLANG_CXX_LANGUAGE_STANDARD = "gnu++14";
				CLANG_CXX_LIBRARY = "libc++";
				CLANG_ENABLE_MODULES = YES;
				CLANG_ENABLE_OBJC_ARC = YES;
				CLANG_WARN_BLOCK_CAPTURE_AUTORELEASING = YES;
				CLANG_WARN_BOOL_CONVERSION = YES;
				CLANG_WARN_COMMA = YES;
				CLANG_WARN_CONSTANT_CONVERSION = YES;
				CLANG_WARN_DIRECT_OBJC_ISA_USAGE = YES_ERROR;
				CLANG_WARN_DOCUMENTATION_COMMENTS = YES;
				CLANG_WARN_EMPTY_BODY = YES;
				CLANG_WARN_ENUM_CONVERSION = YES;
				CLANG_WARN_INFINITE_RECURSION = YES;
				CLANG_WARN_INT_CONVERSION = YES;
				CLANG_WARN_NON_LITERAL_NULL_CONVERSION = YES;
				CLANG_WARN_OBJC_LITERAL_CONVERSION = YES;
				CLANG_WARN_OBJC_ROOT_CLASS = YES_ERROR;
				CLANG_WARN_RANGE_LOOP_ANALYSIS = YES;
				CLANG_WARN_STRICT_PROTOTYPES = YES;
				CLANG_WARN_SUSPICIOUS_MOVE = YES;
				CLANG_WARN_UNGUARDED_AVAILABILITY = YES_AGGRESSIVE;
				CLANG_WARN_UNREACHABLE_CODE = YES;
				CLANG_WARN__DUPLICATE_METHOD_MATCH = YES;
				CODE_SIGN_IDENTITY = "iPhone Developer";
				COPY_PHASE_STRIP = NO;
				DEBUG_INFORMATION_FORMAT = "dwarf-with-dsym";
				ENABLE_NS_ASSERTIONS = NO;
				ENABLE_STRICT_OBJC_MSGSEND = YES;
				GCC_C_LANGUAGE_STANDARD = gnu11;
				GCC_NO_COMMON_BLOCKS = YES;
				GCC_WARN_64_TO_32_BIT_CONVERSION = YES;
				GCC_WARN_ABOUT_RETURN_TYPE = YES_ERROR;
				GCC_WARN_UNDECLARED_SELECTOR = YES;
				GCC_WARN_UNINITIALIZED_AUTOS = YES_AGGRESSIVE;
				GCC_WARN_UNUSED_FUNCTION = YES;
				GCC_WARN_UNUSED_VARIABLE = YES;
				IPHONEOS_DEPLOYMENT_TARGET = 11.2;
				MTL_ENABLE_DEBUG_INFO = NO;
				SDKROOT = iphoneos;
				SWIFT_OPTIMIZATION_LEVEL = "-Owholemodule";
				VALIDATE_PRODUCT = YES;
			};
			name = Release;
		};
		EBDEDEDD2157583B00844D2D /* Debug */ = {
			isa = XCBuildConfiguration;
			baseConfigurationReference = 60E5C37FABB5AAE4E4E38D37 /* Pods-WeatherApp.debug.xcconfig */;
			buildSettings = {
				ASSETCATALOG_COMPILER_APPICON_NAME = AppIcon;
				CODE_SIGN_STYLE = Automatic;
				INFOPLIST_FILE = WeatherApp/Info.plist;
				LD_RUNPATH_SEARCH_PATHS = "$(inherited) @executable_path/Frameworks";
				PRODUCT_BUNDLE_IDENTIFIER = com.rmit.WeatherApp;
				PRODUCT_NAME = "$(TARGET_NAME)";
				SWIFT_VERSION = 4.0;
				TARGETED_DEVICE_FAMILY = "1,2";
			};
			name = Debug;
		};
		EBDEDEDE2157583B00844D2D /* Release */ = {
			isa = XCBuildConfiguration;
			baseConfigurationReference = BD15023E79684D5601BB5965 /* Pods-WeatherApp.release.xcconfig */;
			buildSettings = {
				ASSETCATALOG_COMPILER_APPICON_NAME = AppIcon;
				CODE_SIGN_STYLE = Automatic;
				INFOPLIST_FILE = WeatherApp/Info.plist;
				LD_RUNPATH_SEARCH_PATHS = "$(inherited) @executable_path/Frameworks";
				PRODUCT_BUNDLE_IDENTIFIER = com.rmit.WeatherApp;
				PRODUCT_NAME = "$(TARGET_NAME)";
				SWIFT_VERSION = 4.0;
				TARGETED_DEVICE_FAMILY = "1,2";
			};
			name = Release;
		};
/* End XCBuildConfiguration section */

/* Begin XCConfigurationList section */
		EBDEDEC32157583B00844D2D /* Build configuration list for PBXProject "WeatherApp" */ = {
			isa = XCConfigurationList;
			buildConfigurations = (
				EBDEDEDA2157583B00844D2D /* Debug */,
				EBDEDEDB2157583B00844D2D /* Release */,
			);
			defaultConfigurationIsVisible = 0;
			defaultConfigurationName = Release;
		};
		EBDEDEDC2157583B00844D2D /* Build configuration list for PBXNativeTarget "WeatherApp" */ = {
			isa = XCConfigurationList;
			buildConfigurations = (
				EBDEDEDD2157583B00844D2D /* Debug */,
				EBDEDEDE2157583B00844D2D /* Release */,
			);
			defaultConfigurationIsVisible = 0;
			defaultConfigurationName = Release;
		};
/* End XCConfigurationList section */
	};
	rootObject = EBDEDEC02157583B00844D2D /* Project object */;
}
