// !$*UTF8*$!
{
	archiveVersion = 1;
	classes = {
	};
	objectVersion = 48;
	objects = {

/* Begin PBXBuildFile section */
		380F9C16678704864225D925 /* Pods_WeatherApp.framework in Frameworks */ = {isa = PBXBuildFile; fileRef = 95E16376850255AB6C7AF3C6 /* Pods_WeatherApp.framework */; };
		842DD2A1215B892D0075B562 /* NextWeekTableViewCell.swift in Sources */ = {isa = PBXBuildFile; fileRef = 842DD2A0215B892D0075B562 /* NextWeekTableViewCell.swift */; };
		842DD2A3215B92C20075B562 /* APIUrl.swift in Sources */ = {isa = PBXBuildFile; fileRef = 842DD2A2215B92C20075B562 /* APIUrl.swift */; };
		84A7776B215B9E0A00D7EF6B /* NextWeek.swift in Sources */ = {isa = PBXBuildFile; fileRef = 84A7776A215B9E0A00D7EF6B /* NextWeek.swift */; };
		84A7776E215BB09A00D7EF6B /* Extensions.swift in Sources */ = {isa = PBXBuildFile; fileRef = 84A7776D215BB09A00D7EF6B /* Extensions.swift */; };
		84B5F874215A70B600E78134 /* NextWeekTableTableViewController.swift in Sources */ = {isa = PBXBuildFile; fileRef = 84B5F873215A70B600E78134 /* NextWeekTableTableViewController.swift */; };
		EBDEDECC2157583B00844D2D /* AppDelegate.swift in Sources */ = {isa = PBXBuildFile; fileRef = EBDEDECB2157583B00844D2D /* AppDelegate.swift */; };
		EBDEDED02157583B00844D2D /* HourlyScreen.swift in Sources */ = {isa = PBXBuildFile; fileRef = EBDEDECF2157583B00844D2D /* HourlyScreen.swift */; };
		EBDEDED32157583B00844D2D /* Main.storyboard in Resources */ = {isa = PBXBuildFile; fileRef = EBDEDED12157583B00844D2D /* Main.storyboard */; };
		EBDEDED52157583B00844D2D /* Assets.xcassets in Resources */ = {isa = PBXBuildFile; fileRef = EBDEDED42157583B00844D2D /* Assets.xcassets */; };
		EBDEDED82157583B00844D2D /* LaunchScreen.storyboard in Resources */ = {isa = PBXBuildFile; fileRef = EBDEDED62157583B00844D2D /* LaunchScreen.storyboard */; };
		EBDEDEE0215761BC00844D2D /* HourlyCell.swift in Sources */ = {isa = PBXBuildFile; fileRef = EBDEDEDF215761BC00844D2D /* HourlyCell.swift */; };
		EBDEDEE22157630D00844D2D /* HourlyWeather.swift in Sources */ = {isa = PBXBuildFile; fileRef = EBDEDEE12157630D00844D2D /* HourlyWeather.swift */; };
		EBDEDEE42157666200844D2D /* SettingsScreen.swift in Sources */ = {isa = PBXBuildFile; fileRef = EBDEDEE32157666200844D2D /* SettingsScreen.swift */; };
		EBDEDEE621576FF400844D2D /* CustomTabController.swift in Sources */ = {isa = PBXBuildFile; fileRef = EBDEDEE521576FF400844D2D /* CustomTabController.swift */; };
/* End PBXBuildFile section */

/* Begin PBXFileReference section */
		65DABB92AF9D522A2A5D7934 /* Pods-WeatherApp.release.xcconfig */ = {isa = PBXFileReference; includeInIndex = 1; lastKnownFileType = text.xcconfig; name = "Pods-WeatherApp.release.xcconfig"; path = "Pods/Target Support Files/Pods-WeatherApp/Pods-WeatherApp.release.xcconfig"; sourceTree = "<group>"; };
		7363E171F785431F5B439CB2 /* Pods-WeatherApp.debug.xcconfig */ = {isa = PBXFileReference; includeInIndex = 1; lastKnownFileType = text.xcconfig; name = "Pods-WeatherApp.debug.xcconfig"; path = "Pods/Target Support Files/Pods-WeatherApp/Pods-WeatherApp.debug.xcconfig"; sourceTree = "<group>"; };
		842DD2A0215B892D0075B562 /* NextWeekTableViewCell.swift */ = {isa = PBXFileReference; lastKnownFileType = sourcecode.swift; path = NextWeekTableViewCell.swift; sourceTree = "<group>"; };
		842DD2A2215B92C20075B562 /* APIUrl.swift */ = {isa = PBXFileReference; lastKnownFileType = sourcecode.swift; path = APIUrl.swift; sourceTree = "<group>"; };
		84A7776A215B9E0A00D7EF6B /* NextWeek.swift */ = {isa = PBXFileReference; lastKnownFileType = sourcecode.swift; path = NextWeek.swift; sourceTree = "<group>"; };
		84A7776D215BB09A00D7EF6B /* Extensions.swift */ = {isa = PBXFileReference; lastKnownFileType = sourcecode.swift; path = Extensions.swift; sourceTree = "<group>"; };
		84B5F873215A70B600E78134 /* NextWeekTableTableViewController.swift */ = {isa = PBXFileReference; lastKnownFileType = sourcecode.swift; path = NextWeekTableTableViewController.swift; sourceTree = "<group>"; };
		95E16376850255AB6C7AF3C6 /* Pods_WeatherApp.framework */ = {isa = PBXFileReference; explicitFileType = wrapper.framework; includeInIndex = 0; path = Pods_WeatherApp.framework; sourceTree = BUILT_PRODUCTS_DIR; };
		EBDEDEC82157583B00844D2D /* WeatherApp.app */ = {isa = PBXFileReference; explicitFileType = wrapper.application; includeInIndex = 0; path = WeatherApp.app; sourceTree = BUILT_PRODUCTS_DIR; };
		EBDEDECB2157583B00844D2D /* AppDelegate.swift */ = {isa = PBXFileReference; lastKnownFileType = sourcecode.swift; path = AppDelegate.swift; sourceTree = "<group>"; };
		EBDEDECF2157583B00844D2D /* HourlyScreen.swift */ = {isa = PBXFileReference; lastKnownFileType = sourcecode.swift; path = HourlyScreen.swift; sourceTree = "<group>"; };
		EBDEDED22157583B00844D2D /* Base */ = {isa = PBXFileReference; lastKnownFileType = file.storyboard; name = Base; path = Base.lproj/Main.storyboard; sourceTree = "<group>"; };
		EBDEDED42157583B00844D2D /* Assets.xcassets */ = {isa = PBXFileReference; lastKnownFileType = folder.assetcatalog; path = Assets.xcassets; sourceTree = "<group>"; };
		EBDEDED72157583B00844D2D /* Base */ = {isa = PBXFileReference; lastKnownFileType = file.storyboard; name = Base; path = Base.lproj/LaunchScreen.storyboard; sourceTree = "<group>"; };
		EBDEDED92157583B00844D2D /* Info.plist */ = {isa = PBXFileReference; lastKnownFileType = text.plist.xml; path = Info.plist; sourceTree = "<group>"; };
		EBDEDEDF215761BC00844D2D /* HourlyCell.swift */ = {isa = PBXFileReference; lastKnownFileType = sourcecode.swift; path = HourlyCell.swift; sourceTree = "<group>"; };
		EBDEDEE12157630D00844D2D /* HourlyWeather.swift */ = {isa = PBXFileReference; lastKnownFileType = sourcecode.swift; path = HourlyWeather.swift; sourceTree = "<group>"; };
		EBDEDEE32157666200844D2D /* SettingsScreen.swift */ = {isa = PBXFileReference; lastKnownFileType = sourcecode.swift; path = SettingsScreen.swift; sourceTree = "<group>"; };
		EBDEDEE521576FF400844D2D /* CustomTabController.swift */ = {isa = PBXFileReference; lastKnownFileType = sourcecode.swift; path = CustomTabController.swift; sourceTree = "<group>"; };
/* End PBXFileReference section */

/* Begin PBXFrameworksBuildPhase section */
		EBDEDEC52157583B00844D2D /* Frameworks */ = {
			isa = PBXFrameworksBuildPhase;
			buildActionMask = 2147483647;
			files = (
				380F9C16678704864225D925 /* Pods_WeatherApp.framework in Frameworks */,
			);
			runOnlyForDeploymentPostprocessing = 0;
		};
/* End PBXFrameworksBuildPhase section */

/* Begin PBXGroup section */
		735EAE409B56B068BE72F791 /* Pods */ = {
			isa = PBXGroup;
			children = (
				7363E171F785431F5B439CB2 /* Pods-WeatherApp.debug.xcconfig */,
				65DABB92AF9D522A2A5D7934 /* Pods-WeatherApp.release.xcconfig */,
			);
			name = Pods;
			sourceTree = "<group>";
		};
		7A0F8C93069D3540E2E369A2 /* Frameworks */ = {
			isa = PBXGroup;
			children = (
				95E16376850255AB6C7AF3C6 /* Pods_WeatherApp.framework */,
			);
			name = Frameworks;
			sourceTree = "<group>";
		};
		84A7776C215BB08B00D7EF6B /* Extensions */ = {
			isa = PBXGroup;
			children = (
				84A7776D215BB09A00D7EF6B /* Extensions.swift */,
			);
			path = Extensions;
			sourceTree = "<group>";
		};
		84B5F872215A705300E78134 /* NextWeek */ = {
			isa = PBXGroup;
			children = (
				84B5F873215A70B600E78134 /* NextWeekTableTableViewController.swift */,
				842DD2A0215B892D0075B562 /* NextWeekTableViewCell.swift */,
				842DD2A2215B92C20075B562 /* APIUrl.swift */,
				84A7776A215B9E0A00D7EF6B /* NextWeek.swift */,
			);
			path = NextWeek;
			sourceTree = "<group>";
		};
		EBDEDEBF2157583B00844D2D = {
			isa = PBXGroup;
			children = (
				EBDEDECA2157583B00844D2D /* WeatherApp */,
				EBDEDEC92157583B00844D2D /* Products */,
				735EAE409B56B068BE72F791 /* Pods */,
				7A0F8C93069D3540E2E369A2 /* Frameworks */,
			);
			sourceTree = "<group>";
		};
		EBDEDEC92157583B00844D2D /* Products */ = {
			isa = PBXGroup;
			children = (
				EBDEDEC82157583B00844D2D /* WeatherApp.app */,
			);
			name = Products;
			sourceTree = "<group>";
		};
		EBDEDECA2157583B00844D2D /* WeatherApp */ = {
			isa = PBXGroup;
			children = (
				84A7776C215BB08B00D7EF6B /* Extensions */,
				84B5F872215A705300E78134 /* NextWeek */,
				EBDEDEE521576FF400844D2D /* CustomTabController.swift */,
				EBDEDEE32157666200844D2D /* SettingsScreen.swift */,
				EBDEDEE72157960D00844D2D /* Hourly */,
				EBDEDECB2157583B00844D2D /* AppDelegate.swift */,
				EBDEDED12157583B00844D2D /* Main.storyboard */,
				EBDEDED62157583B00844D2D /* LaunchScreen.storyboard */,
				EBDEDED42157583B00844D2D /* Assets.xcassets */,
				EBDEDED92157583B00844D2D /* Info.plist */,
			);
			path = WeatherApp;
			sourceTree = "<group>";
		};
		EBDEDEE72157960D00844D2D /* Hourly */ = {
			isa = PBXGroup;
			children = (
				EBDEDECF2157583B00844D2D /* HourlyScreen.swift */,
				EBDEDEDF215761BC00844D2D /* HourlyCell.swift */,
				EBDEDEE12157630D00844D2D /* HourlyWeather.swift */,
			);
			path = Hourly;
			sourceTree = "<group>";
		};
/* End PBXGroup section */

/* Begin PBXNativeTarget section */
		EBDEDEC72157583B00844D2D /* WeatherApp */ = {
			isa = PBXNativeTarget;
			buildConfigurationList = EBDEDEDC2157583B00844D2D /* Build configuration list for PBXNativeTarget "WeatherApp" */;
			buildPhases = (
				EE2F69D91CFC548C4F84E0D3 /* [CP] Check Pods Manifest.lock */,
				EBDEDEC42157583B00844D2D /* Sources */,
				EBDEDEC52157583B00844D2D /* Frameworks */,
				EBDEDEC62157583B00844D2D /* Resources */,
				E9CCB537F1935FB0BD72BC53 /* [CP] Embed Pods Frameworks */,
			);
			buildRules = (
			);
			dependencies = (
			);
			name = WeatherApp;
			productName = WeatherApp;
			productReference = EBDEDEC82157583B00844D2D /* WeatherApp.app */;
			productType = "com.apple.product-type.application";
		};
/* End PBXNativeTarget section */

/* Begin PBXProject section */
		EBDEDEC02157583B00844D2D /* Project object */ = {
			isa = PBXProject;
			attributes = {
				LastSwiftUpdateCheck = 0920;
				LastUpgradeCheck = 0940;
				ORGANIZATIONNAME = "Linh Do";
				TargetAttributes = {
					EBDEDEC72157583B00844D2D = {
						CreatedOnToolsVersion = 9.2;
						ProvisioningStyle = Automatic;
					};
				};
			};
			buildConfigurationList = EBDEDEC32157583B00844D2D /* Build configuration list for PBXProject "WeatherApp" */;
			compatibilityVersion = "Xcode 8.0";
			developmentRegion = en;
			hasScannedForEncodings = 0;
			knownRegions = (
				en,
				Base,
			);
			mainGroup = EBDEDEBF2157583B00844D2D;
			productRefGroup = EBDEDEC92157583B00844D2D /* Products */;
			projectDirPath = "";
			projectRoot = "";
			targets = (
				EBDEDEC72157583B00844D2D /* WeatherApp */,
			);
		};
/* End PBXProject section */

/* Begin PBXResourcesBuildPhase section */
		EBDEDEC62157583B00844D2D /* Resources */ = {
			isa = PBXResourcesBuildPhase;
			buildActionMask = 2147483647;
			files = (
				EBDEDED82157583B00844D2D /* LaunchScreen.storyboard in Resources */,
				EBDEDED52157583B00844D2D /* Assets.xcassets in Resources */,
				EBDEDED32157583B00844D2D /* Main.storyboard in Resources */,
			);
			runOnlyForDeploymentPostprocessing = 0;
		};
/* End PBXResourcesBuildPhase section */

/* Begin PBXShellScriptBuildPhase section */
		E9CCB537F1935FB0BD72BC53 /* [CP] Embed Pods Frameworks */ = {
			isa = PBXShellScriptBuildPhase;
			buildActionMask = 2147483647;
			files = (
			);
			inputPaths = (
				"${SRCROOT}/Pods/Target Support Files/Pods-WeatherApp/Pods-WeatherApp-frameworks.sh",
				"${BUILT_PRODUCTS_DIR}/Alamofire/Alamofire.framework",
				"${BUILT_PRODUCTS_DIR}/SwiftyJSON/SwiftyJSON.framework",
			);
			name = "[CP] Embed Pods Frameworks";
			outputPaths = (
				"${TARGET_BUILD_DIR}/${FRAMEWORKS_FOLDER_PATH}/Alamofire.framework",
				"${TARGET_BUILD_DIR}/${FRAMEWORKS_FOLDER_PATH}/SwiftyJSON.framework",
			);
			runOnlyForDeploymentPostprocessing = 0;
			shellPath = /bin/sh;
			shellScript = "\"${SRCROOT}/Pods/Target Support Files/Pods-WeatherApp/Pods-WeatherApp-frameworks.sh\"\n";
			showEnvVarsInLog = 0;
		};
		EE2F69D91CFC548C4F84E0D3 /* [CP] Check Pods Manifest.lock */ = {
			isa = PBXShellScriptBuildPhase;
			buildActionMask = 2147483647;
			files = (
			);
			inputPaths = (
				"${PODS_PODFILE_DIR_PATH}/Podfile.lock",
				"${PODS_ROOT}/Manifest.lock",
			);
			name = "[CP] Check Pods Manifest.lock";
			outputPaths = (
				"$(DERIVED_FILE_DIR)/Pods-WeatherApp-checkManifestLockResult.txt",
			);
			runOnlyForDeploymentPostprocessing = 0;
			shellPath = /bin/sh;
			shellScript = "diff \"${PODS_PODFILE_DIR_PATH}/Podfile.lock\" \"${PODS_ROOT}/Manifest.lock\" > /dev/null\nif [ $? != 0 ] ; then\n    # print error to STDERR\n    echo \"error: The sandbox is not in sync with the Podfile.lock. Run 'pod install' or update your CocoaPods installation.\" >&2\n    exit 1\nfi\n# This output is used by Xcode 'outputs' to avoid re-running this script phase.\necho \"SUCCESS\" > \"${SCRIPT_OUTPUT_FILE_0}\"\n";
			showEnvVarsInLog = 0;
		};
/* End PBXShellScriptBuildPhase section */

/* Begin PBXSourcesBuildPhase section */
		EBDEDEC42157583B00844D2D /* Sources */ = {
			isa = PBXSourcesBuildPhase;
			buildActionMask = 2147483647;
			files = (
				84A7776B215B9E0A00D7EF6B /* NextWeek.swift in Sources */,
				84B5F874215A70B600E78134 /* NextWeekTableTableViewController.swift in Sources */,
				EBDEDED02157583B00844D2D /* HourlyScreen.swift in Sources */,
				EBDEDEE621576FF400844D2D /* CustomTabController.swift in Sources */,
				EBDEDECC2157583B00844D2D /* AppDelegate.swift in Sources */,
				842DD2A1215B892D0075B562 /* NextWeekTableViewCell.swift in Sources */,
				EBDEDEE0215761BC00844D2D /* HourlyCell.swift in Sources */,
				EBDEDEE22157630D00844D2D /* HourlyWeather.swift in Sources */,
				EBDEDEE42157666200844D2D /* SettingsScreen.swift in Sources */,
				84A7776E215BB09A00D7EF6B /* Extensions.swift in Sources */,
				842DD2A3215B92C20075B562 /* APIUrl.swift in Sources */,
			);
			runOnlyForDeploymentPostprocessing = 0;
		};
/* End PBXSourcesBuildPhase section */

/* Begin PBXVariantGroup section */
		EBDEDED12157583B00844D2D /* Main.storyboard */ = {
			isa = PBXVariantGroup;
			children = (
				EBDEDED22157583B00844D2D /* Base */,
			);
			name = Main.storyboard;
			sourceTree = "<group>";
		};
		EBDEDED62157583B00844D2D /* LaunchScreen.storyboard */ = {
			isa = PBXVariantGroup;
			children = (
				EBDEDED72157583B00844D2D /* Base */,
			);
			name = LaunchScreen.storyboard;
			sourceTree = "<group>";
		};
/* End PBXVariantGroup section */

/* Begin XCBuildConfiguration section */
		EBDEDEDA2157583B00844D2D /* Debug */ = {
			isa = XCBuildConfiguration;
			buildSettings = {
				ALWAYS_SEARCH_USER_PATHS = NO;
				CLANG_ANALYZER_NONNULL = YES;
				CLANG_ANALYZER_NUMBER_OBJECT_CONVERSION = YES_AGGRESSIVE;
				CLANG_CXX_LANGUAGE_STANDARD = "gnu++14";
				CLANG_CXX_LIBRARY = "libc++";
				CLANG_ENABLE_MODULES = YES;
				CLANG_ENABLE_OBJC_ARC = YES;
				CLANG_WARN_BLOCK_CAPTURE_AUTORELEASING = YES;
				CLANG_WARN_BOOL_CONVERSION = YES;
				CLANG_WARN_COMMA = YES;
				CLANG_WARN_CONSTANT_CONVERSION = YES;
				CLANG_WARN_DEPRECATED_OBJC_IMPLEMENTATIONS = YES;
				CLANG_WARN_DIRECT_OBJC_ISA_USAGE = YES_ERROR;
				CLANG_WARN_DOCUMENTATION_COMMENTS = YES;
				CLANG_WARN_EMPTY_BODY = YES;
				CLANG_WARN_ENUM_CONVERSION = YES;
				CLANG_WARN_INFINITE_RECURSION = YES;
				CLANG_WARN_INT_CONVERSION = YES;
				CLANG_WARN_NON_LITERAL_NULL_CONVERSION = YES;
				CLANG_WARN_OBJC_IMPLICIT_RETAIN_SELF = YES;
				CLANG_WARN_OBJC_LITERAL_CONVERSION = YES;
				CLANG_WARN_OBJC_ROOT_CLASS = YES_ERROR;
				CLANG_WARN_RANGE_LOOP_ANALYSIS = YES;
				CLANG_WARN_STRICT_PROTOTYPES = YES;
				CLANG_WARN_SUSPICIOUS_MOVE = YES;
				CLANG_WARN_UNGUARDED_AVAILABILITY = YES_AGGRESSIVE;
				CLANG_WARN_UNREACHABLE_CODE = YES;
				CLANG_WARN__DUPLICATE_METHOD_MATCH = YES;
				CODE_SIGN_IDENTITY = "iPhone Developer";
				COPY_PHASE_STRIP = NO;
				DEBUG_INFORMATION_FORMAT = dwarf;
				ENABLE_STRICT_OBJC_MSGSEND = YES;
				ENABLE_TESTABILITY = YES;
				GCC_C_LANGUAGE_STANDARD = gnu11;
				GCC_DYNAMIC_NO_PIC = NO;
				GCC_NO_COMMON_BLOCKS = YES;
				GCC_OPTIMIZATION_LEVEL = 0;
				GCC_PREPROCESSOR_DEFINITIONS = (
					"DEBUG=1",
					"$(inherited)",
				);
				GCC_WARN_64_TO_32_BIT_CONVERSION = YES;
				GCC_WARN_ABOUT_RETURN_TYPE = YES_ERROR;
				GCC_WARN_UNDECLARED_SELECTOR = YES;
				GCC_WARN_UNINITIALIZED_AUTOS = YES_AGGRESSIVE;
				GCC_WARN_UNUSED_FUNCTION = YES;
				GCC_WARN_UNUSED_VARIABLE = YES;
				IPHONEOS_DEPLOYMENT_TARGET = 11.2;
				MTL_ENABLE_DEBUG_INFO = YES;
				ONLY_ACTIVE_ARCH = YES;
				SDKROOT = iphoneos;
				SWIFT_ACTIVE_COMPILATION_CONDITIONS = DEBUG;
				SWIFT_OPTIMIZATION_LEVEL = "-Onone";
			};
			name = Debug;
		};
		EBDEDEDB2157583B00844D2D /* Release */ = {
			isa = XCBuildConfiguration;
			buildSettings = {
				ALWAYS_SEARCH_USER_PATHS = NO;
				CLANG_ANALYZER_NONNULL = YES;
				CLANG_ANALYZER_NUMBER_OBJECT_CONVERSION = YES_AGGRESSIVE;
				CLANG_CXX_LANGUAGE_STANDARD = "gnu++14";
				CLANG_CXX_LIBRARY = "libc++";
				CLANG_ENABLE_MODULES = YES;
				CLANG_ENABLE_OBJC_ARC = YES;
				CLANG_WARN_BLOCK_CAPTURE_AUTORELEASING = YES;
				CLANG_WARN_BOOL_CONVERSION = YES;
				CLANG_WARN_COMMA = YES;
				CLANG_WARN_CONSTANT_CONVERSION = YES;
				CLANG_WARN_DEPRECATED_OBJC_IMPLEMENTATIONS = YES;
				CLANG_WARN_DIRECT_OBJC_ISA_USAGE = YES_ERROR;
				CLANG_WARN_DOCUMENTATION_COMMENTS = YES;
				CLANG_WARN_EMPTY_BODY = YES;
				CLANG_WARN_ENUM_CONVERSION = YES;
				CLANG_WARN_INFINITE_RECURSION = YES;
				CLANG_WARN_INT_CONVERSION = YES;
				CLANG_WARN_NON_LITERAL_NULL_CONVERSION = YES;
				CLANG_WARN_OBJC_IMPLICIT_RETAIN_SELF = YES;
				CLANG_WARN_OBJC_LITERAL_CONVERSION = YES;
				CLANG_WARN_OBJC_ROOT_CLASS = YES_ERROR;
				CLANG_WARN_RANGE_LOOP_ANALYSIS = YES;
				CLANG_WARN_STRICT_PROTOTYPES = YES;
				CLANG_WARN_SUSPICIOUS_MOVE = YES;
				CLANG_WARN_UNGUARDED_AVAILABILITY = YES_AGGRESSIVE;
				CLANG_WARN_UNREACHABLE_CODE = YES;
				CLANG_WARN__DUPLICATE_METHOD_MATCH = YES;
				CODE_SIGN_IDENTITY = "iPhone Developer";
				COPY_PHASE_STRIP = NO;
				DEBUG_INFORMATION_FORMAT = "dwarf-with-dsym";
				ENABLE_NS_ASSERTIONS = NO;
				ENABLE_STRICT_OBJC_MSGSEND = YES;
				GCC_C_LANGUAGE_STANDARD = gnu11;
				GCC_NO_COMMON_BLOCKS = YES;
				GCC_WARN_64_TO_32_BIT_CONVERSION = YES;
				GCC_WARN_ABOUT_RETURN_TYPE = YES_ERROR;
				GCC_WARN_UNDECLARED_SELECTOR = YES;
				GCC_WARN_UNINITIALIZED_AUTOS = YES_AGGRESSIVE;
				GCC_WARN_UNUSED_FUNCTION = YES;
				GCC_WARN_UNUSED_VARIABLE = YES;
				IPHONEOS_DEPLOYMENT_TARGET = 11.2;
				MTL_ENABLE_DEBUG_INFO = NO;
				SDKROOT = iphoneos;
				SWIFT_OPTIMIZATION_LEVEL = "-Owholemodule";
				VALIDATE_PRODUCT = YES;
			};
			name = Release;
		};
		EBDEDEDD2157583B00844D2D /* Debug */ = {
			isa = XCBuildConfiguration;
			baseConfigurationReference = 7363E171F785431F5B439CB2 /* Pods-WeatherApp.debug.xcconfig */;
			buildSettings = {
				ASSETCATALOG_COMPILER_APPICON_NAME = AppIcon;
				CODE_SIGN_STYLE = Automatic;
				INFOPLIST_FILE = WeatherApp/Info.plist;
				LD_RUNPATH_SEARCH_PATHS = "$(inherited) @executable_path/Frameworks";
				PRODUCT_BUNDLE_IDENTIFIER = com.rmit.WeatherApp;
				PRODUCT_NAME = "$(TARGET_NAME)";
				SWIFT_VERSION = 4.0;
				TARGETED_DEVICE_FAMILY = "1,2";
			};
			name = Debug;
		};
		EBDEDEDE2157583B00844D2D /* Release */ = {
			isa = XCBuildConfiguration;
			baseConfigurationReference = 65DABB92AF9D522A2A5D7934 /* Pods-WeatherApp.release.xcconfig */;
			buildSettings = {
				ASSETCATALOG_COMPILER_APPICON_NAME = AppIcon;
				CODE_SIGN_STYLE = Automatic;
				INFOPLIST_FILE = WeatherApp/Info.plist;
				LD_RUNPATH_SEARCH_PATHS = "$(inherited) @executable_path/Frameworks";
				PRODUCT_BUNDLE_IDENTIFIER = com.rmit.WeatherApp;
				PRODUCT_NAME = "$(TARGET_NAME)";
				SWIFT_VERSION = 4.0;
				TARGETED_DEVICE_FAMILY = "1,2";
			};
			name = Release;
		};
/* End XCBuildConfiguration section */

/* Begin XCConfigurationList section */
		EBDEDEC32157583B00844D2D /* Build configuration list for PBXProject "WeatherApp" */ = {
			isa = XCConfigurationList;
			buildConfigurations = (
				EBDEDEDA2157583B00844D2D /* Debug */,
				EBDEDEDB2157583B00844D2D /* Release */,
			);
			defaultConfigurationIsVisible = 0;
			defaultConfigurationName = Release;
		};
		EBDEDEDC2157583B00844D2D /* Build configuration list for PBXNativeTarget "WeatherApp" */ = {
			isa = XCConfigurationList;
			buildConfigurations = (
				EBDEDEDD2157583B00844D2D /* Debug */,
				EBDEDEDE2157583B00844D2D /* Release */,
			);
			defaultConfigurationIsVisible = 0;
			defaultConfigurationName = Release;
		};
/* End XCConfigurationList section */
	};
	rootObject = EBDEDEC02157583B00844D2D /* Project object */;
}
